
Microsoft Visual Studio Solution File, Format Version 12.00
# Visual Studio Version 16
VisualStudioVersion = 16.0.29424.173
MinimumVisualStudioVersion = 10.0.40219.1
Project("{9A19103F-16F7-4668-BE54-9A1E7A4F7556}") = "DataBaseLibrary", "ClassLibrary1\DataBaseLibrary.csproj", "{925F39BB-CBE7-45F8-AD32-58DF0AD97578}"
EndProject
Project("{9A19103F-16F7-4668-BE54-9A1E7A4F7556}") = "DbContextTest", "DbContextTest\DbContextTest.csproj", "{F280C219-46AA-4B8E-B51F-CBBCA8768CF8}"
EndProject
Project("{9A19103F-16F7-4668-BE54-9A1E7A4F7556}") = "PastExamsAPI", "PastExamsAPI\PastExamsAPI.csproj", "{CAC92B84-DE92-49C8-8B00-2CCD2E700DD8}"
EndProject
Project("{9A19103F-16F7-4668-BE54-9A1E7A4F7556}") = "CandidateRegisterApi", "CandidateRegisterApi\CandidateRegisterApi.csproj", "{C9D8B4C7-B54B-4743-BC0C-E305FDA2087E}"
EndProject
Global
	GlobalSection(SolutionConfigurationPlatforms) = preSolution
		Debug|Any CPU = Debug|Any CPU
		Release|Any CPU = Release|Any CPU
	EndGlobalSection
	GlobalSection(ProjectConfigurationPlatforms) = postSolution
		{925F39BB-CBE7-45F8-AD32-58DF0AD97578}.Debug|Any CPU.ActiveCfg = Debug|Any CPU
		{925F39BB-CBE7-45F8-AD32-58DF0AD97578}.Debug|Any CPU.Build.0 = Debug|Any CPU
		{925F39BB-CBE7-45F8-AD32-58DF0AD97578}.Release|Any CPU.ActiveCfg = Release|Any CPU
		{925F39BB-CBE7-45F8-AD32-58DF0AD97578}.Release|Any CPU.Build.0 = Release|Any CPU
		{F280C219-46AA-4B8E-B51F-CBBCA8768CF8}.Debug|Any CPU.ActiveCfg = Debug|Any CPU
		{F280C219-46AA-4B8E-B51F-CBBCA8768CF8}.Debug|Any CPU.Build.0 = Debug|Any CPU
		{F280C219-46AA-4B8E-B51F-CBBCA8768CF8}.Release|Any CPU.ActiveCfg = Release|Any CPU
		{F280C219-46AA-4B8E-B51F-CBBCA8768CF8}.Release|Any CPU.Build.0 = Release|Any CPU
		{CAC92B84-DE92-49C8-8B00-2CCD2E700DD8}.Debug|Any CPU.ActiveCfg = Debug|Any CPU
		{CAC92B84-DE92-49C8-8B00-2CCD2E700DD8}.Debug|Any CPU.Build.0 = Debug|Any CPU
		{CAC92B84-DE92-49C8-8B00-2CCD2E700DD8}.Release|Any CPU.ActiveCfg = Release|Any CPU
		{CAC92B84-DE92-49C8-8B00-2CCD2E700DD8}.Release|Any CPU.Build.0 = Release|Any CPU
		{C9D8B4C7-B54B-4743-BC0C-E305FDA2087E}.Debug|Any CPU.ActiveCfg = Debug|Any CPU
		{C9D8B4C7-B54B-4743-BC0C-E305FDA2087E}.Debug|Any CPU.Build.0 = Debug|Any CPU
		{C9D8B4C7-B54B-4743-BC0C-E305FDA2087E}.Release|Any CPU.ActiveCfg = Release|Any CPU
		{C9D8B4C7-B54B-4743-BC0C-E305FDA2087E}.Release|Any CPU.Build.0 = Release|Any CPU
	EndGlobalSection
	GlobalSection(SolutionProperties) = preSolution
		HideSolutionNode = FALSE
	EndGlobalSection
	GlobalSection(ExtensibilityGlobals) = postSolution
		SolutionGuid = {7E413BA8-4AF9-45E8-95F6-2481152222F4}
	EndGlobalSection
EndGlobal
